
Microsoft Visual Studio Solution File, Format Version 12.00
# Visual Studio 15
VisualStudioVersion = 15.0.27130.2003
MinimumVisualStudioVersion = 10.0.40219.1
Project("{FAE04EC0-301F-11D3-BF4B-00C04F79EFBC}") = "LucaHome", "LucaHome\LucaHome.csproj", "{B4C52DEC-2A23-48C0-85C5-6E5E4217C59B}"
EndProject
Project("{FAE04EC0-301F-11D3-BF4B-00C04F79EFBC}") = "OpenWeather", "OpenWeather\OpenWeather.csproj", "{F3FBE316-920F-4E14-9E32-6BEFA3C7F88E}"
EndProject
Project("{FAE04EC0-301F-11D3-BF4B-00C04F79EFBC}") = "Data", "Data\Data.csproj", "{988EFD60-3C99-44C1-B8E2-5A3AA3D56741}"
EndProject
Project("{FAE04EC0-301F-11D3-BF4B-00C04F79EFBC}") = "TestProject", "TestProject\TestProject.csproj", "{69AE2335-A38F-4D33-9A39-A894A9D72F22}"
EndProject
Project("{FAE04EC0-301F-11D3-BF4B-00C04F79EFBC}") = "Common", "Common\Common.csproj", "{A93889AC-DDDB-477C-8F4A-12EDC56CDFFE}"
EndProject
Global
	GlobalSection(SolutionConfigurationPlatforms) = preSolution
		Debug|Any CPU = Debug|Any CPU
		Release|Any CPU = Release|Any CPU
	EndGlobalSection
	GlobalSection(ProjectConfigurationPlatforms) = postSolution
		{B4C52DEC-2A23-48C0-85C5-6E5E4217C59B}.Debug|Any CPU.ActiveCfg = Debug|Any CPU
		{B4C52DEC-2A23-48C0-85C5-6E5E4217C59B}.Debug|Any CPU.Build.0 = Debug|Any CPU
		{B4C52DEC-2A23-48C0-85C5-6E5E4217C59B}.Release|Any CPU.ActiveCfg = Release|Any CPU
		{B4C52DEC-2A23-48C0-85C5-6E5E4217C59B}.Release|Any CPU.Build.0 = Release|Any CPU
		{F3FBE316-920F-4E14-9E32-6BEFA3C7F88E}.Debug|Any CPU.ActiveCfg = Debug|Any CPU
		{F3FBE316-920F-4E14-9E32-6BEFA3C7F88E}.Debug|Any CPU.Build.0 = Debug|Any CPU
		{F3FBE316-920F-4E14-9E32-6BEFA3C7F88E}.Release|Any CPU.ActiveCfg = Release|Any CPU
		{F3FBE316-920F-4E14-9E32-6BEFA3C7F88E}.Release|Any CPU.Build.0 = Release|Any CPU
		{988EFD60-3C99-44C1-B8E2-5A3AA3D56741}.Debug|Any CPU.ActiveCfg = Debug|Any CPU
		{988EFD60-3C99-44C1-B8E2-5A3AA3D56741}.Debug|Any CPU.Build.0 = Debug|Any CPU
		{988EFD60-3C99-44C1-B8E2-5A3AA3D56741}.Release|Any CPU.ActiveCfg = Release|Any CPU
		{988EFD60-3C99-44C1-B8E2-5A3AA3D56741}.Release|Any CPU.Build.0 = Release|Any CPU
		{69AE2335-A38F-4D33-9A39-A894A9D72F22}.Debug|Any CPU.ActiveCfg = Debug|Any CPU
		{69AE2335-A38F-4D33-9A39-A894A9D72F22}.Debug|Any CPU.Build.0 = Debug|Any CPU
		{69AE2335-A38F-4D33-9A39-A894A9D72F22}.Release|Any CPU.ActiveCfg = Release|Any CPU
		{69AE2335-A38F-4D33-9A39-A894A9D72F22}.Release|Any CPU.Build.0 = Release|Any CPU
		{A93889AC-DDDB-477C-8F4A-12EDC56CDFFE}.Debug|Any CPU.ActiveCfg = Debug|Any CPU
		{A93889AC-DDDB-477C-8F4A-12EDC56CDFFE}.Debug|Any CPU.Build.0 = Debug|Any CPU
		{A93889AC-DDDB-477C-8F4A-12EDC56CDFFE}.Release|Any CPU.ActiveCfg = Release|Any CPU
		{A93889AC-DDDB-477C-8F4A-12EDC56CDFFE}.Release|Any CPU.Build.0 = Release|Any CPU
	EndGlobalSection
	GlobalSection(SolutionProperties) = preSolution
		HideSolutionNode = FALSE
	EndGlobalSection
	GlobalSection(ExtensibilityGlobals) = postSolution
		SolutionGuid = {95724975-0B68-4026-B43B-84C990D9B7B0}
	EndGlobalSection
EndGlobal
